
Microsoft Visual Studio Solution File, Format Version 12.00
# Visual Studio Version 17
VisualStudioVersion = 17.14.36212.18 d17.14
MinimumVisualStudioVersion = 10.0.40219.1
Project("{FAE04EC0-301F-11D3-BF4B-00C04F79EFBC}") = "WebApp", "WebApp\WebApp.csproj", "{A2CC1252-D21F-48B4-AF0C-836554941EDD}"
EndProject
Global
	GlobalSection(SolutionConfigurationPlatforms) = preSolution
		Debug|Any CPU = Debug|Any CPU
		Release|Any CPU = Release|Any CPU
	EndGlobalSection
	GlobalSection(ProjectConfigurationPlatforms) = postSolution
		{A2CC1252-D21F-48B4-AF0C-836554941EDD}.Debug|Any CPU.ActiveCfg = Debug|Any CPU
		{A2CC1252-D21F-48B4-AF0C-836554941EDD}.Debug|Any CPU.Build.0 = Debug|Any CPU
		{A2CC1252-D21F-48B4-AF0C-836554941EDD}.Release|Any CPU.ActiveCfg = Release|Any CPU
		{A2CC1252-D21F-48B4-AF0C-836554941EDD}.Release|Any CPU.Build.0 = Release|Any CPU
	EndGlobalSection
	GlobalSection(SolutionProperties) = preSolution
		HideSolutionNode = FALSE
	EndGlobalSection
	GlobalSection(ExtensibilityGlobals) = postSolution
		SolutionGuid = {9996329B-A6BE-42E9-A6A5-3D749D50663D}
	EndGlobalSection
EndGlobal
